
Microsoft Visual Studio Solution File, Format Version 12.00
# Visual Studio Version 17
VisualStudioVersion = 17.1.32421.90
MinimumVisualStudioVersion = 10.0.40219.1
Project("{2150E333-8FDC-42A3-9474-1A3956D46DE8}") = "src", "src", "{FAD94AAD-AFEB-48B1-A334-9432E6ACCCA4}"
EndProject
Project("{2150E333-8FDC-42A3-9474-1A3956D46DE8}") = "API", "API", "{5A110233-A39F-4611-8916-71A767D54CBC}"
EndProject
Project("{2150E333-8FDC-42A3-9474-1A3956D46DE8}") = "Domain.Services", "Domain.Services", "{353BCBE1-9628-4A63-9ECD-1D1756A0B56B}"
EndProject
Project("{2150E333-8FDC-42A3-9474-1A3956D46DE8}") = "Infrastructure", "Infrastructure", "{20575073-04C8-409F-BF56-DAFB6192EFF9}"
EndProject
Project("{9A19103F-16F7-4668-BE54-9A1E7A4F7556}") = "Aliquota.API", "Aliquota.API\Aliquota.API.csproj", "{10B7A41A-E784-4F51-A0A7-40FD19E62A1D}"
EndProject
Project("{9A19103F-16F7-4668-BE54-9A1E7A4F7556}") = "Aliquota.Domain.Services", "Aliquota.Domain\Aliquota.Domain.Services.csproj", "{B027DE5A-02DB-42B1-B034-A770282A8D2C}"
EndProject
Project("{9A19103F-16F7-4668-BE54-9A1E7A4F7556}") = "Aliquota.Infrastructure", "Aliquota.Infrastructure\Aliquota.Infrastructure.csproj", "{79F77278-3D2E-41D9-8BF8-92672FA58746}"
EndProject
Project("{2150E333-8FDC-42A3-9474-1A3956D46DE8}") = "Domain", "Domain", "{C4D2D888-1A88-4105-B701-8E5C7F6C9EB2}"
EndProject
Project("{9A19103F-16F7-4668-BE54-9A1E7A4F7556}") = "Aliquota.Domain", "Aliquota.Domain.Services\Aliquota.Domain.csproj", "{97F89A9E-BFD2-488A-A985-35660517B6EA}"
EndProject
Project("{2150E333-8FDC-42A3-9474-1A3956D46DE8}") = "Domain", "Domain", "{0442E680-623F-4D47-8F87-255A3CCBA828}"
EndProject
Global
	GlobalSection(SolutionConfigurationPlatforms) = preSolution
		Debug|Any CPU = Debug|Any CPU
		Release|Any CPU = Release|Any CPU
	EndGlobalSection
	GlobalSection(ProjectConfigurationPlatforms) = postSolution
		{10B7A41A-E784-4F51-A0A7-40FD19E62A1D}.Debug|Any CPU.ActiveCfg = Debug|Any CPU
		{10B7A41A-E784-4F51-A0A7-40FD19E62A1D}.Debug|Any CPU.Build.0 = Debug|Any CPU
		{10B7A41A-E784-4F51-A0A7-40FD19E62A1D}.Release|Any CPU.ActiveCfg = Release|Any CPU
		{10B7A41A-E784-4F51-A0A7-40FD19E62A1D}.Release|Any CPU.Build.0 = Release|Any CPU
		{B027DE5A-02DB-42B1-B034-A770282A8D2C}.Debug|Any CPU.ActiveCfg = Debug|Any CPU
		{B027DE5A-02DB-42B1-B034-A770282A8D2C}.Debug|Any CPU.Build.0 = Debug|Any CPU
		{B027DE5A-02DB-42B1-B034-A770282A8D2C}.Release|Any CPU.ActiveCfg = Release|Any CPU
		{B027DE5A-02DB-42B1-B034-A770282A8D2C}.Release|Any CPU.Build.0 = Release|Any CPU
		{79F77278-3D2E-41D9-8BF8-92672FA58746}.Debug|Any CPU.ActiveCfg = Debug|Any CPU
		{79F77278-3D2E-41D9-8BF8-92672FA58746}.Debug|Any CPU.Build.0 = Debug|Any CPU
		{79F77278-3D2E-41D9-8BF8-92672FA58746}.Release|Any CPU.ActiveCfg = Release|Any CPU
		{79F77278-3D2E-41D9-8BF8-92672FA58746}.Release|Any CPU.Build.0 = Release|Any CPU
		{97F89A9E-BFD2-488A-A985-35660517B6EA}.Debug|Any CPU.ActiveCfg = Debug|Any CPU
		{97F89A9E-BFD2-488A-A985-35660517B6EA}.Debug|Any CPU.Build.0 = Debug|Any CPU
		{97F89A9E-BFD2-488A-A985-35660517B6EA}.Release|Any CPU.ActiveCfg = Release|Any CPU
		{97F89A9E-BFD2-488A-A985-35660517B6EA}.Release|Any CPU.Build.0 = Release|Any CPU
	EndGlobalSection
	GlobalSection(SolutionProperties) = preSolution
		HideSolutionNode = FALSE
	EndGlobalSection
	GlobalSection(NestedProjects) = preSolution
		{5A110233-A39F-4611-8916-71A767D54CBC} = {FAD94AAD-AFEB-48B1-A334-9432E6ACCCA4}
		{353BCBE1-9628-4A63-9ECD-1D1756A0B56B} = {C4D2D888-1A88-4105-B701-8E5C7F6C9EB2}
		{20575073-04C8-409F-BF56-DAFB6192EFF9} = {FAD94AAD-AFEB-48B1-A334-9432E6ACCCA4}
		{10B7A41A-E784-4F51-A0A7-40FD19E62A1D} = {5A110233-A39F-4611-8916-71A767D54CBC}
		{B027DE5A-02DB-42B1-B034-A770282A8D2C} = {353BCBE1-9628-4A63-9ECD-1D1756A0B56B}
		{79F77278-3D2E-41D9-8BF8-92672FA58746} = {20575073-04C8-409F-BF56-DAFB6192EFF9}
		{C4D2D888-1A88-4105-B701-8E5C7F6C9EB2} = {FAD94AAD-AFEB-48B1-A334-9432E6ACCCA4}
		{97F89A9E-BFD2-488A-A985-35660517B6EA} = {0442E680-623F-4D47-8F87-255A3CCBA828}
		{0442E680-623F-4D47-8F87-255A3CCBA828} = {C4D2D888-1A88-4105-B701-8E5C7F6C9EB2}
	EndGlobalSection
	GlobalSection(ExtensibilityGlobals) = postSolution
		SolutionGuid = {AB164072-E42B-4107-A733-1F0E7403146B}
	EndGlobalSection
EndGlobal
